// !$*UTF8*$!
{
	archiveVersion = 1;
	classes = {
	};
	objectVersion = 56;
	objects = {

/* Begin PBXBuildFile section */
		BA09482D294F3455008CD9CB /* VorstandSFVViewController.swift in Sources */ = {isa = PBXBuildFile; fileRef = BA09482C294F3455008CD9CB /* VorstandSFVViewController.swift */; };
		BA0AED1629536494007D5E36 /* GewaesserTableViewController.swift in Sources */ = {isa = PBXBuildFile; fileRef = BA0AED1529536494007D5E36 /* GewaesserTableViewController.swift */; };
		BA0AED18295364D3007D5E36 /* GewaesserAnsichtViewController.swift in Sources */ = {isa = PBXBuildFile; fileRef = BA0AED17295364D3007D5E36 /* GewaesserAnsichtViewController.swift */; };
		BA0AED1A29536500007D5E36 /* Gewaesser.swift in Sources */ = {isa = PBXBuildFile; fileRef = BA0AED1929536500007D5E36 /* Gewaesser.swift */; };
		BA3F445E2965ADBC0035ACF5 /* AddFanglisteViewController.swift in Sources */ = {isa = PBXBuildFile; fileRef = BA3F445D2965ADBC0035ACF5 /* AddFanglisteViewController.swift */; };
		BA3F446029681AF60035ACF5 /* FanglisteHinzufügenViewController.swift in Sources */ = {isa = PBXBuildFile; fileRef = BA3F445F29681AF60035ACF5 /* FanglisteHinzufügenViewController.swift */; };
		BA944A572977428200A771B4 /* Startseite.swift in Sources */ = {isa = PBXBuildFile; fileRef = BA944A562977428200A771B4 /* Startseite.swift */; };
		BA944A5B297744B200A771B4 /* SwiftUI.swift in Sources */ = {isa = PBXBuildFile; fileRef = BA944A5A297744B200A771B4 /* SwiftUI.swift */; };
		BAAB0EB829701D9D006FADCD /* FanglisteTableViewCell.swift in Sources */ = {isa = PBXBuildFile; fileRef = BAAB0EB729701D9D006FADCD /* FanglisteTableViewCell.swift */; };
		BAAB0EBA29704EC6006FADCD /* Fangnachweis.pdf in Resources */ = {isa = PBXBuildFile; fileRef = BAAB0EB929704EC6006FADCD /* Fangnachweis.pdf */; };
		BAAB0EBC29704ED0006FADCD /* Rundschreiben 2018.pdf in Resources */ = {isa = PBXBuildFile; fileRef = BAAB0EBB29704ED0006FADCD /* Rundschreiben 2018.pdf */; };
		BAC25E2D294DEF9600A57BBA /* AppDelegate.swift in Sources */ = {isa = PBXBuildFile; fileRef = BAC25E2C294DEF9600A57BBA /* AppDelegate.swift */; };
		BAC25E2F294DEF9600A57BBA /* SceneDelegate.swift in Sources */ = {isa = PBXBuildFile; fileRef = BAC25E2E294DEF9600A57BBA /* SceneDelegate.swift */; };
		BAC25E31294DEF9600A57BBA /* Login ViewController.swift in Sources */ = {isa = PBXBuildFile; fileRef = BAC25E30294DEF9600A57BBA /* Login ViewController.swift */; };
		BAC25E34294DEF9600A57BBA /* Main.storyboard in Resources */ = {isa = PBXBuildFile; fileRef = BAC25E32294DEF9600A57BBA /* Main.storyboard */; };
		BAC25E37294DEF9600A57BBA /* SFV_Zucht.xcdatamodeld in Sources */ = {isa = PBXBuildFile; fileRef = BAC25E35294DEF9600A57BBA /* SFV_Zucht.xcdatamodeld */; };
		BAC25E39294DEF9700A57BBA /* Assets.xcassets in Resources */ = {isa = PBXBuildFile; fileRef = BAC25E38294DEF9700A57BBA /* Assets.xcassets */; };
		BAC25E3C294DEF9700A57BBA /* LaunchScreen.storyboard in Resources */ = {isa = PBXBuildFile; fileRef = BAC25E3A294DEF9700A57BBA /* LaunchScreen.storyboard */; };
		BAC25E4B294E5EF100A57BBA /* Vorstand.swift in Sources */ = {isa = PBXBuildFile; fileRef = BAC25E4A294E5EF100A57BBA /* Vorstand.swift */; };
		BAC25E55294E860800A57BBA /* TabBarViewController.swift in Sources */ = {isa = PBXBuildFile; fileRef = BAC25E54294E860800A57BBA /* TabBarViewController.swift */; };
		BAD00A032970596C0096730F /* MBETableViewController.swift in Sources */ = {isa = PBXBuildFile; fileRef = BAD00A022970596C0096730F /* MBETableViewController.swift */; };
		BAD3D6D42971675E002B05FC /* SectionData.swift in Sources */ = {isa = PBXBuildFile; fileRef = BAD3D6D32971675E002B05FC /* SectionData.swift */; };
		BAD3D6D629719B24002B05FC /* PDF.swift in Sources */ = {isa = PBXBuildFile; fileRef = BAD3D6D529719B24002B05FC /* PDF.swift */; };
		BAEC7D362965740100B6D669 /* FanglisteViewController.swift in Sources */ = {isa = PBXBuildFile; fileRef = BAEC7D352965740100B6D669 /* FanglisteViewController.swift */; };
		BAEC7D382965745500B6D669 /* FanglisteTableViewController.swift in Sources */ = {isa = PBXBuildFile; fileRef = BAEC7D372965745500B6D669 /* FanglisteTableViewController.swift */; };
		BAEC7D3A2965749900B6D669 /* Fangliste.swift in Sources */ = {isa = PBXBuildFile; fileRef = BAEC7D392965749900B6D669 /* Fangliste.swift */; };
		BAEC7D3C2965750700B6D669 /* MitgliederbereichTableViewController.swift in Sources */ = {isa = PBXBuildFile; fileRef = BAEC7D3B2965750700B6D669 /* MitgliederbereichTableViewController.swift */; };
		BAEC7D3E2965753900B6D669 /* MitgliederbereichViewController.swift in Sources */ = {isa = PBXBuildFile; fileRef = BAEC7D3D2965753900B6D669 /* MitgliederbereichViewController.swift */; };
		BAEC7D402965757300B6D669 /* Mitgliederbereich.swift in Sources */ = {isa = PBXBuildFile; fileRef = BAEC7D3F2965757300B6D669 /* Mitgliederbereich.swift */; };
/* End PBXBuildFile section */

/* Begin PBXFileReference section */
		BA09482C294F3455008CD9CB /* VorstandSFVViewController.swift */ = {isa = PBXFileReference; lastKnownFileType = sourcecode.swift; path = VorstandSFVViewController.swift; sourceTree = "<group>"; };
		BA0AED1529536494007D5E36 /* GewaesserTableViewController.swift */ = {isa = PBXFileReference; lastKnownFileType = sourcecode.swift; path = GewaesserTableViewController.swift; sourceTree = "<group>"; };
		BA0AED17295364D3007D5E36 /* GewaesserAnsichtViewController.swift */ = {isa = PBXFileReference; lastKnownFileType = sourcecode.swift; path = GewaesserAnsichtViewController.swift; sourceTree = "<group>"; };
		BA0AED1929536500007D5E36 /* Gewaesser.swift */ = {isa = PBXFileReference; lastKnownFileType = sourcecode.swift; path = Gewaesser.swift; sourceTree = "<group>"; };
		BA3F445D2965ADBC0035ACF5 /* AddFanglisteViewController.swift */ = {isa = PBXFileReference; lastKnownFileType = sourcecode.swift; path = AddFanglisteViewController.swift; sourceTree = "<group>"; };
		BA3F445F29681AF60035ACF5 /* FanglisteHinzufügenViewController.swift */ = {isa = PBXFileReference; lastKnownFileType = sourcecode.swift; path = "FanglisteHinzufügenViewController.swift"; sourceTree = "<group>"; };
		BA944A562977428200A771B4 /* Startseite.swift */ = {isa = PBXFileReference; lastKnownFileType = sourcecode.swift; path = Startseite.swift; sourceTree = "<group>"; };
		BA944A5A297744B200A771B4 /* SwiftUI.swift */ = {isa = PBXFileReference; lastKnownFileType = sourcecode.swift; path = SwiftUI.swift; sourceTree = "<group>"; };
		BAAB0EB729701D9D006FADCD /* FanglisteTableViewCell.swift */ = {isa = PBXFileReference; lastKnownFileType = sourcecode.swift; path = FanglisteTableViewCell.swift; sourceTree = "<group>"; };
		BAAB0EB929704EC6006FADCD /* Fangnachweis.pdf */ = {isa = PBXFileReference; lastKnownFileType = image.pdf; path = Fangnachweis.pdf; sourceTree = "<group>"; };
		BAAB0EBB29704ED0006FADCD /* Rundschreiben 2018.pdf */ = {isa = PBXFileReference; lastKnownFileType = image.pdf; path = "Rundschreiben 2018.pdf"; sourceTree = "<group>"; };
		BAC25E29294DEF9600A57BBA /* SFV-Zucht.app */ = {isa = PBXFileReference; explicitFileType = wrapper.application; includeInIndex = 0; path = "SFV-Zucht.app"; sourceTree = BUILT_PRODUCTS_DIR; };
		BAC25E2C294DEF9600A57BBA /* AppDelegate.swift */ = {isa = PBXFileReference; lastKnownFileType = sourcecode.swift; path = AppDelegate.swift; sourceTree = "<group>"; };
		BAC25E2E294DEF9600A57BBA /* SceneDelegate.swift */ = {isa = PBXFileReference; lastKnownFileType = sourcecode.swift; path = SceneDelegate.swift; sourceTree = "<group>"; };
		BAC25E30294DEF9600A57BBA /* Login ViewController.swift */ = {isa = PBXFileReference; lastKnownFileType = sourcecode.swift; path = "Login ViewController.swift"; sourceTree = "<group>"; };
		BAC25E33294DEF9600A57BBA /* Base */ = {isa = PBXFileReference; lastKnownFileType = file.storyboard; name = Base; path = Base.lproj/Main.storyboard; sourceTree = "<group>"; };
		BAC25E36294DEF9600A57BBA /* SFV_Zucht.xcdatamodel */ = {isa = PBXFileReference; lastKnownFileType = wrapper.xcdatamodel; path = SFV_Zucht.xcdatamodel; sourceTree = "<group>"; };
		BAC25E38294DEF9700A57BBA /* Assets.xcassets */ = {isa = PBXFileReference; lastKnownFileType = folder.assetcatalog; path = Assets.xcassets; sourceTree = "<group>"; };
		BAC25E3B294DEF9700A57BBA /* Base */ = {isa = PBXFileReference; lastKnownFileType = file.storyboard; name = Base; path = Base.lproj/LaunchScreen.storyboard; sourceTree = "<group>"; };
		BAC25E3D294DEF9700A57BBA /* Info.plist */ = {isa = PBXFileReference; lastKnownFileType = text.plist.xml; path = Info.plist; sourceTree = "<group>"; };
		BAC25E4A294E5EF100A57BBA /* Vorstand.swift */ = {isa = PBXFileReference; lastKnownFileType = sourcecode.swift; path = Vorstand.swift; sourceTree = "<group>"; };
		BAC25E54294E860800A57BBA /* TabBarViewController.swift */ = {isa = PBXFileReference; lastKnownFileType = sourcecode.swift; path = TabBarViewController.swift; sourceTree = "<group>"; };
		BAD00A022970596C0096730F /* MBETableViewController.swift */ = {isa = PBXFileReference; lastKnownFileType = sourcecode.swift; path = MBETableViewController.swift; sourceTree = "<group>"; };
		BAD3D6D32971675E002B05FC /* SectionData.swift */ = {isa = PBXFileReference; lastKnownFileType = sourcecode.swift; path = SectionData.swift; sourceTree = "<group>"; };
		BAD3D6D529719B24002B05FC /* PDF.swift */ = {isa = PBXFileReference; lastKnownFileType = sourcecode.swift; path = PDF.swift; sourceTree = "<group>"; };
		BAEC7D352965740100B6D669 /* FanglisteViewController.swift */ = {isa = PBXFileReference; lastKnownFileType = sourcecode.swift; path = FanglisteViewController.swift; sourceTree = "<group>"; };
		BAEC7D372965745500B6D669 /* FanglisteTableViewController.swift */ = {isa = PBXFileReference; lastKnownFileType = sourcecode.swift; path = FanglisteTableViewController.swift; sourceTree = "<group>"; };
		BAEC7D392965749900B6D669 /* Fangliste.swift */ = {isa = PBXFileReference; lastKnownFileType = sourcecode.swift; path = Fangliste.swift; sourceTree = "<group>"; };
		BAEC7D3B2965750700B6D669 /* MitgliederbereichTableViewController.swift */ = {isa = PBXFileReference; lastKnownFileType = sourcecode.swift; path = MitgliederbereichTableViewController.swift; sourceTree = "<group>"; };
		BAEC7D3D2965753900B6D669 /* MitgliederbereichViewController.swift */ = {isa = PBXFileReference; lastKnownFileType = sourcecode.swift; path = MitgliederbereichViewController.swift; sourceTree = "<group>"; };
		BAEC7D3F2965757300B6D669 /* Mitgliederbereich.swift */ = {isa = PBXFileReference; lastKnownFileType = sourcecode.swift; path = Mitgliederbereich.swift; sourceTree = "<group>"; };
/* End PBXFileReference section */

/* Begin PBXFrameworksBuildPhase section */
		BAC25E26294DEF9600A57BBA /* Frameworks */ = {
			isa = PBXFrameworksBuildPhase;
			buildActionMask = 2147483647;
			files = (
			);
			runOnlyForDeploymentPostprocessing = 0;
		};
/* End PBXFrameworksBuildPhase section */

/* Begin PBXGroup section */
		BA944A552977425000A771B4 /* Startseite */ = {
			isa = PBXGroup;
			children = (
				BA944A562977428200A771B4 /* Startseite.swift */,
				BA944A5A297744B200A771B4 /* SwiftUI.swift */,
			);
			path = Startseite;
			sourceTree = "<group>";
		};
		BAC25E20294DEF9600A57BBA = {
			isa = PBXGroup;
			children = (
				BAC25E2B294DEF9600A57BBA /* SFV-Zucht */,
				BAC25E2A294DEF9600A57BBA /* Products */,
			);
			sourceTree = "<group>";
		};
		BAC25E2A294DEF9600A57BBA /* Products */ = {
			isa = PBXGroup;
			children = (
				BAC25E29294DEF9600A57BBA /* SFV-Zucht.app */,
			);
			name = Products;
			sourceTree = "<group>";
		};
		BAC25E2B294DEF9600A57BBA /* SFV-Zucht */ = {
			isa = PBXGroup;
			children = (
				BAC25E2E294DEF9600A57BBA /* SceneDelegate.swift */,
				BAC25E2C294DEF9600A57BBA /* AppDelegate.swift */,
				BAC25E49294E511000A57BBA /* Login */,
				BA944A552977425000A771B4 /* Startseite */,
				BAC25E46294E4C9D00A57BBA /* Mitgliederbereich */,
				BAC25E45294E4C8D00A57BBA /* Fangliste */,
				BAC25E44294E4C7700A57BBA /* Gewässer */,
				BAC25E43294E4C5A00A57BBA /* Vorstand */,
				BAC25E32294DEF9600A57BBA /* Main.storyboard */,
				BAC25E38294DEF9700A57BBA /* Assets.xcassets */,
				BAC25E3A294DEF9700A57BBA /* LaunchScreen.storyboard */,
				BAC25E3D294DEF9700A57BBA /* Info.plist */,
				BAC25E35294DEF9600A57BBA /* SFV_Zucht.xcdatamodeld */,
				BAC25E54294E860800A57BBA /* TabBarViewController.swift */,
				BAAB0EB929704EC6006FADCD /* Fangnachweis.pdf */,
				BAAB0EBB29704ED0006FADCD /* Rundschreiben 2018.pdf */,
			);
			path = "SFV-Zucht";
			sourceTree = "<group>";
		};
		BAC25E43294E4C5A00A57BBA /* Vorstand */ = {
			isa = PBXGroup;
			children = (
				BAC25E4A294E5EF100A57BBA /* Vorstand.swift */,
				BA09482C294F3455008CD9CB /* VorstandSFVViewController.swift */,
			);
			path = Vorstand;
			sourceTree = "<group>";
		};
		BAC25E44294E4C7700A57BBA /* Gewässer */ = {
			isa = PBXGroup;
			children = (
				BA0AED1529536494007D5E36 /* GewaesserTableViewController.swift */,
				BA0AED17295364D3007D5E36 /* GewaesserAnsichtViewController.swift */,
				BA0AED1929536500007D5E36 /* Gewaesser.swift */,
			);
			name = "Gewässer";
			path = "GGewässer";
			sourceTree = "<group>";
		};
		BAC25E45294E4C8D00A57BBA /* Fangliste */ = {
			isa = PBXGroup;
			children = (
				BAEC7D352965740100B6D669 /* FanglisteViewController.swift */,
				BAEC7D372965745500B6D669 /* FanglisteTableViewController.swift */,
				BAEC7D392965749900B6D669 /* Fangliste.swift */,
				BA3F445D2965ADBC0035ACF5 /* AddFanglisteViewController.swift */,
				BA3F445F29681AF60035ACF5 /* FanglisteHinzufügenViewController.swift */,
				BAAB0EB729701D9D006FADCD /* FanglisteTableViewCell.swift */,
			);
			path = Fangliste;
			sourceTree = "<group>";
		};
		BAC25E46294E4C9D00A57BBA /* Mitgliederbereich */ = {
			isa = PBXGroup;
			children = (
				BAEC7D3B2965750700B6D669 /* MitgliederbereichTableViewController.swift */,
				BAEC7D3D2965753900B6D669 /* MitgliederbereichViewController.swift */,
				BAEC7D3F2965757300B6D669 /* Mitgliederbereich.swift */,
				BAD00A022970596C0096730F /* MBETableViewController.swift */,
				BAD3D6D32971675E002B05FC /* SectionData.swift */,
				BAD3D6D529719B24002B05FC /* PDF.swift */,
			);
			path = Mitgliederbereich;
			sourceTree = "<group>";
		};
		BAC25E49294E511000A57BBA /* Login */ = {
			isa = PBXGroup;
			children = (
				BAC25E30294DEF9600A57BBA /* Login ViewController.swift */,
			);
			path = Login;
			sourceTree = "<group>";
		};
/* End PBXGroup section */

/* Begin PBXNativeTarget section */
		BAC25E28294DEF9600A57BBA /* SFV-Zucht */ = {
			isa = PBXNativeTarget;
			buildConfigurationList = BAC25E40294DEF9700A57BBA /* Build configuration list for PBXNativeTarget "SFV-Zucht" */;
			buildPhases = (
				BAC25E25294DEF9600A57BBA /* Sources */,
				BAC25E26294DEF9600A57BBA /* Frameworks */,
				BAC25E27294DEF9600A57BBA /* Resources */,
			);
			buildRules = (
			);
			dependencies = (
			);
			name = "SFV-Zucht";
			productName = "SFV-Zucht";
			productReference = BAC25E29294DEF9600A57BBA /* SFV-Zucht.app */;
			productType = "com.apple.product-type.application";
		};
/* End PBXNativeTarget section */

/* Begin PBXProject section */
		BAC25E21294DEF9600A57BBA /* Project object */ = {
			isa = PBXProject;
			attributes = {
				BuildIndependentTargetsInParallel = 1;
				LastSwiftUpdateCheck = 1420;
				LastUpgradeCheck = 1420;
				TargetAttributes = {
					BAC25E28294DEF9600A57BBA = {
						CreatedOnToolsVersion = 14.2;
					};
				};
			};
			buildConfigurationList = BAC25E24294DEF9600A57BBA /* Build configuration list for PBXProject "SFV-Zucht" */;
			compatibilityVersion = "Xcode 14.0";
			developmentRegion = en;
			hasScannedForEncodings = 0;
			knownRegions = (
				en,
				Base,
			);
			mainGroup = BAC25E20294DEF9600A57BBA;
			productRefGroup = BAC25E2A294DEF9600A57BBA /* Products */;
			projectDirPath = "";
			projectRoot = "";
			targets = (
				BAC25E28294DEF9600A57BBA /* SFV-Zucht */,
			);
		};
/* End PBXProject section */

/* Begin PBXResourcesBuildPhase section */
		BAC25E27294DEF9600A57BBA /* Resources */ = {
			isa = PBXResourcesBuildPhase;
			buildActionMask = 2147483647;
			files = (
				BAAB0EBA29704EC6006FADCD /* Fangnachweis.pdf in Resources */,
				BAC25E3C294DEF9700A57BBA /* LaunchScreen.storyboard in Resources */,
				BAAB0EBC29704ED0006FADCD /* Rundschreiben 2018.pdf in Resources */,
				BAC25E39294DEF9700A57BBA /* Assets.xcassets in Resources */,
				BAC25E34294DEF9600A57BBA /* Main.storyboard in Resources */,
			);
			runOnlyForDeploymentPostprocessing = 0;
		};
/* End PBXResourcesBuildPhase section */

/* Begin PBXSourcesBuildPhase section */
		BAC25E25294DEF9600A57BBA /* Sources */ = {
			isa = PBXSourcesBuildPhase;
			buildActionMask = 2147483647;
			files = (
				BA0AED18295364D3007D5E36 /* GewaesserAnsichtViewController.swift in Sources */,
				BA09482D294F3455008CD9CB /* VorstandSFVViewController.swift in Sources */,
				BA0AED1A29536500007D5E36 /* Gewaesser.swift in Sources */,
				BA944A5B297744B200A771B4 /* SwiftUI.swift in Sources */,
				BAEC7D382965745500B6D669 /* FanglisteTableViewController.swift in Sources */,
				BAEC7D3E2965753900B6D669 /* MitgliederbereichViewController.swift in Sources */,
				BA944A572977428200A771B4 /* Startseite.swift in Sources */,
				BAD3D6D42971675E002B05FC /* SectionData.swift in Sources */,
				BAEC7D3A2965749900B6D669 /* Fangliste.swift in Sources */,
				BAEC7D362965740100B6D669 /* FanglisteViewController.swift in Sources */,
				BAD3D6D629719B24002B05FC /* PDF.swift in Sources */,
				BAC25E31294DEF9600A57BBA /* Login ViewController.swift in Sources */,
				BA0AED1629536494007D5E36 /* GewaesserTableViewController.swift in Sources */,
				BA3F445E2965ADBC0035ACF5 /* AddFanglisteViewController.swift in Sources */,
				BAC25E2D294DEF9600A57BBA /* AppDelegate.swift in Sources */,
				BAEC7D402965757300B6D669 /* Mitgliederbereich.swift in Sources */,
				BAC25E37294DEF9600A57BBA /* SFV_Zucht.xcdatamodeld in Sources */,
				BAAB0EB829701D9D006FADCD /* FanglisteTableViewCell.swift in Sources */,
				BAC25E4B294E5EF100A57BBA /* Vorstand.swift in Sources */,
				BA3F446029681AF60035ACF5 /* FanglisteHinzufügenViewController.swift in Sources */,
				BAC25E55294E860800A57BBA /* TabBarViewController.swift in Sources */,
				BAC25E2F294DEF9600A57BBA /* SceneDelegate.swift in Sources */,
				BAD00A032970596C0096730F /* MBETableViewController.swift in Sources */,
				BAEC7D3C2965750700B6D669 /* MitgliederbereichTableViewController.swift in Sources */,
			);
			runOnlyForDeploymentPostprocessing = 0;
		};
/* End PBXSourcesBuildPhase section */

/* Begin PBXVariantGroup section */
		BAC25E32294DEF9600A57BBA /* Main.storyboard */ = {
			isa = PBXVariantGroup;
			children = (
				BAC25E33294DEF9600A57BBA /* Base */,
			);
			name = Main.storyboard;
			sourceTree = "<group>";
		};
		BAC25E3A294DEF9700A57BBA /* LaunchScreen.storyboard */ = {
			isa = PBXVariantGroup;
			children = (
				BAC25E3B294DEF9700A57BBA /* Base */,
			);
			name = LaunchScreen.storyboard;
			sourceTree = "<group>";
		};
/* End PBXVariantGroup section */

/* Begin XCBuildConfiguration section */
		BAC25E3E294DEF9700A57BBA /* Debug */ = {
			isa = XCBuildConfiguration;
			buildSettings = {
				ALWAYS_SEARCH_USER_PATHS = NO;
				CLANG_ANALYZER_NONNULL = YES;
				CLANG_ANALYZER_NUMBER_OBJECT_CONVERSION = YES_AGGRESSIVE;
				CLANG_CXX_LANGUAGE_STANDARD = "gnu++20";
				CLANG_ENABLE_MODULES = YES;
				CLANG_ENABLE_OBJC_ARC = YES;
				CLANG_ENABLE_OBJC_WEAK = YES;
				CLANG_WARN_BLOCK_CAPTURE_AUTORELEASING = YES;
				CLANG_WARN_BOOL_CONVERSION = YES;
				CLANG_WARN_COMMA = YES;
				CLANG_WARN_CONSTANT_CONVERSION = YES;
				CLANG_WARN_DEPRECATED_OBJC_IMPLEMENTATIONS = YES;
				CLANG_WARN_DIRECT_OBJC_ISA_USAGE = YES_ERROR;
				CLANG_WARN_DOCUMENTATION_COMMENTS = YES;
				CLANG_WARN_EMPTY_BODY = YES;
				CLANG_WARN_ENUM_CONVERSION = YES;
				CLANG_WARN_INFINITE_RECURSION = YES;
				CLANG_WARN_INT_CONVERSION = YES;
				CLANG_WARN_NON_LITERAL_NULL_CONVERSION = YES;
				CLANG_WARN_OBJC_IMPLICIT_RETAIN_SELF = YES;
				CLANG_WARN_OBJC_LITERAL_CONVERSION = YES;
				CLANG_WARN_OBJC_ROOT_CLASS = YES_ERROR;
				CLANG_WARN_QUOTED_INCLUDE_IN_FRAMEWORK_HEADER = YES;
				CLANG_WARN_RANGE_LOOP_ANALYSIS = YES;
				CLANG_WARN_STRICT_PROTOTYPES = YES;
				CLANG_WARN_SUSPICIOUS_MOVE = YES;
				CLANG_WARN_UNGUARDED_AVAILABILITY = YES_AGGRESSIVE;
				CLANG_WARN_UNREACHABLE_CODE = YES;
				CLANG_WARN__DUPLICATE_METHOD_MATCH = YES;
				COPY_PHASE_STRIP = NO;
				DEBUG_INFORMATION_FORMAT = dwarf;
				ENABLE_STRICT_OBJC_MSGSEND = YES;
				ENABLE_TESTABILITY = YES;
				GCC_C_LANGUAGE_STANDARD = gnu11;
				GCC_DYNAMIC_NO_PIC = NO;
				GCC_NO_COMMON_BLOCKS = YES;
				GCC_OPTIMIZATION_LEVEL = 0;
				GCC_PREPROCESSOR_DEFINITIONS = (
					"DEBUG=1",
					"$(inherited)",
				);
				GCC_WARN_64_TO_32_BIT_CONVERSION = YES;
				GCC_WARN_ABOUT_RETURN_TYPE = YES_ERROR;
				GCC_WARN_UNDECLARED_SELECTOR = YES;
				GCC_WARN_UNINITIALIZED_AUTOS = YES_AGGRESSIVE;
				GCC_WARN_UNUSED_FUNCTION = YES;
				GCC_WARN_UNUSED_VARIABLE = YES;
				IPHONEOS_DEPLOYMENT_TARGET = 16.2;
				MTL_ENABLE_DEBUG_INFO = INCLUDE_SOURCE;
				MTL_FAST_MATH = YES;
				ONLY_ACTIVE_ARCH = YES;
				SDKROOT = iphoneos;
				SWIFT_ACTIVE_COMPILATION_CONDITIONS = DEBUG;
				SWIFT_OPTIMIZATION_LEVEL = "-Onone";
			};
			name = Debug;
		};
		BAC25E3F294DEF9700A57BBA /* Release */ = {
			isa = XCBuildConfiguration;
			buildSettings = {
				ALWAYS_SEARCH_USER_PATHS = NO;
				CLANG_ANALYZER_NONNULL = YES;
				CLANG_ANALYZER_NUMBER_OBJECT_CONVERSION = YES_AGGRESSIVE;
				CLANG_CXX_LANGUAGE_STANDARD = "gnu++20";
				CLANG_ENABLE_MODULES = YES;
				CLANG_ENABLE_OBJC_ARC = YES;
				CLANG_ENABLE_OBJC_WEAK = YES;
				CLANG_WARN_BLOCK_CAPTURE_AUTORELEASING = YES;
				CLANG_WARN_BOOL_CONVERSION = YES;
				CLANG_WARN_COMMA = YES;
				CLANG_WARN_CONSTANT_CONVERSION = YES;
				CLANG_WARN_DEPRECATED_OBJC_IMPLEMENTATIONS = YES;
				CLANG_WARN_DIRECT_OBJC_ISA_USAGE = YES_ERROR;
				CLANG_WARN_DOCUMENTATION_COMMENTS = YES;
				CLANG_WARN_EMPTY_BODY = YES;
				CLANG_WARN_ENUM_CONVERSION = YES;
				CLANG_WARN_INFINITE_RECURSION = YES;
				CLANG_WARN_INT_CONVERSION = YES;
				CLANG_WARN_NON_LITERAL_NULL_CONVERSION = YES;
				CLANG_WARN_OBJC_IMPLICIT_RETAIN_SELF = YES;
				CLANG_WARN_OBJC_LITERAL_CONVERSION = YES;
				CLANG_WARN_OBJC_ROOT_CLASS = YES_ERROR;
				CLANG_WARN_QUOTED_INCLUDE_IN_FRAMEWORK_HEADER = YES;
				CLANG_WARN_RANGE_LOOP_ANALYSIS = YES;
				CLANG_WARN_STRICT_PROTOTYPES = YES;
				CLANG_WARN_SUSPICIOUS_MOVE = YES;
				CLANG_WARN_UNGUARDED_AVAILABILITY = YES_AGGRESSIVE;
				CLANG_WARN_UNREACHABLE_CODE = YES;
				CLANG_WARN__DUPLICATE_METHOD_MATCH = YES;
				COPY_PHASE_STRIP = NO;
				DEBUG_INFORMATION_FORMAT = "dwarf-with-dsym";
				ENABLE_NS_ASSERTIONS = NO;
				ENABLE_STRICT_OBJC_MSGSEND = YES;
				GCC_C_LANGUAGE_STANDARD = gnu11;
				GCC_NO_COMMON_BLOCKS = YES;
				GCC_WARN_64_TO_32_BIT_CONVERSION = YES;
				GCC_WARN_ABOUT_RETURN_TYPE = YES_ERROR;
				GCC_WARN_UNDECLARED_SELECTOR = YES;
				GCC_WARN_UNINITIALIZED_AUTOS = YES_AGGRESSIVE;
				GCC_WARN_UNUSED_FUNCTION = YES;
				GCC_WARN_UNUSED_VARIABLE = YES;
				IPHONEOS_DEPLOYMENT_TARGET = 16.2;
				MTL_ENABLE_DEBUG_INFO = NO;
				MTL_FAST_MATH = YES;
				SDKROOT = iphoneos;
				SWIFT_COMPILATION_MODE = wholemodule;
				SWIFT_OPTIMIZATION_LEVEL = "-O";
				VALIDATE_PRODUCT = YES;
			};
			name = Release;
		};
		BAC25E41294DEF9700A57BBA /* Debug */ = {
			isa = XCBuildConfiguration;
			buildSettings = {
				ASSETCATALOG_COMPILER_APPICON_NAME = AppIcon;
				ASSETCATALOG_COMPILER_GLOBAL_ACCENT_COLOR_NAME = AccentColor;
				CODE_SIGN_STYLE = Automatic;
				CURRENT_PROJECT_VERSION = 1;
				DEVELOPMENT_TEAM = D2VD9LL7F5;
				GENERATE_INFOPLIST_FILE = YES;
				INFOPLIST_FILE = "SFV-Zucht/Info.plist";
				INFOPLIST_KEY_UIApplicationSupportsIndirectInputEvents = YES;
				INFOPLIST_KEY_UILaunchStoryboardName = LaunchScreen;
				INFOPLIST_KEY_UIMainStoryboardFile = Main;
				INFOPLIST_KEY_UISupportedInterfaceOrientations_iPad = "UIInterfaceOrientationPortrait UIInterfaceOrientationPortraitUpsideDown UIInterfaceOrientationLandscapeLeft UIInterfaceOrientationLandscapeRight";
				INFOPLIST_KEY_UISupportedInterfaceOrientations_iPhone = "UIInterfaceOrientationPortrait UIInterfaceOrientationLandscapeLeft UIInterfaceOrientationLandscapeRight";
				IPHONEOS_DEPLOYMENT_TARGET = 15.0;
				LD_RUNPATH_SEARCH_PATHS = (
					"$(inherited)",
					"@executable_path/Frameworks",
				);
				MARKETING_VERSION = 1.0;
				PRODUCT_BUNDLE_IDENTIFIER = "com.michaelhornung.SFV-Zucht";
				PRODUCT_NAME = "$(TARGET_NAME)";
				SWIFT_EMIT_LOC_STRINGS = YES;
				SWIFT_VERSION = 5.0;
				TARGETED_DEVICE_FAMILY = "1,2";
			};
			name = Debug;
		};
		BAC25E42294DEF9700A57BBA /* Release */ = {
			isa = XCBuildConfiguration;
			buildSettings = {
				ASSETCATALOG_COMPILER_APPICON_NAME = AppIcon;
				ASSETCATALOG_COMPILER_GLOBAL_ACCENT_COLOR_NAME = AccentColor;
				CODE_SIGN_STYLE = Automatic;
				CURRENT_PROJECT_VERSION = 1;
				DEVELOPMENT_TEAM = D2VD9LL7F5;
				GENERATE_INFOPLIST_FILE = YES;
				INFOPLIST_FILE = "SFV-Zucht/Info.plist";
				INFOPLIST_KEY_UIApplicationSupportsIndirectInputEvents = YES;
				INFOPLIST_KEY_UILaunchStoryboardName = LaunchScreen;
				INFOPLIST_KEY_UIMainStoryboardFile = Main;
				INFOPLIST_KEY_UISupportedInterfaceOrientations_iPad = "UIInterfaceOrientationPortrait UIInterfaceOrientationPortraitUpsideDown UIInterfaceOrientationLandscapeLeft UIInterfaceOrientationLandscapeRight";
				INFOPLIST_KEY_UISupportedInterfaceOrientations_iPhone = "UIInterfaceOrientationPortrait UIInterfaceOrientationLandscapeLeft UIInterfaceOrientationLandscapeRight";
				IPHONEOS_DEPLOYMENT_TARGET = 15.0;
				LD_RUNPATH_SEARCH_PATHS = (
					"$(inherited)",
					"@executable_path/Frameworks",
				);
				MARKETING_VERSION = 1.0;
				PRODUCT_BUNDLE_IDENTIFIER = "com.michaelhornung.SFV-Zucht";
				PRODUCT_NAME = "$(TARGET_NAME)";
				SWIFT_EMIT_LOC_STRINGS = YES;
				SWIFT_VERSION = 5.0;
				TARGETED_DEVICE_FAMILY = "1,2";
			};
			name = Release;
		};
/* End XCBuildConfiguration section */

/* Begin XCConfigurationList section */
		BAC25E24294DEF9600A57BBA /* Build configuration list for PBXProject "SFV-Zucht" */ = {
			isa = XCConfigurationList;
			buildConfigurations = (
				BAC25E3E294DEF9700A57BBA /* Debug */,
				BAC25E3F294DEF9700A57BBA /* Release */,
			);
			defaultConfigurationIsVisible = 0;
			defaultConfigurationName = Release;
		};
		BAC25E40294DEF9700A57BBA /* Build configuration list for PBXNativeTarget "SFV-Zucht" */ = {
			isa = XCConfigurationList;
			buildConfigurations = (
				BAC25E41294DEF9700A57BBA /* Debug */,
				BAC25E42294DEF9700A57BBA /* Release */,
			);
			defaultConfigurationIsVisible = 0;
			defaultConfigurationName = Release;
		};
/* End XCConfigurationList section */

/* Begin XCVersionGroup section */
		BAC25E35294DEF9600A57BBA /* SFV_Zucht.xcdatamodeld */ = {
			isa = XCVersionGroup;
			children = (
				BAC25E36294DEF9600A57BBA /* SFV_Zucht.xcdatamodel */,
			);
			currentVersion = BAC25E36294DEF9600A57BBA /* SFV_Zucht.xcdatamodel */;
			path = SFV_Zucht.xcdatamodeld;
			sourceTree = "<group>";
			versionGroupType = wrapper.xcdatamodel;
		};
/* End XCVersionGroup section */
	};
	rootObject = BAC25E21294DEF9600A57BBA /* Project object */;
}
